// !$*UTF8*$!
{
	archiveVersion = 1;
	classes = {
	};
	objectVersion = 50;
	objects = {

/* Begin PBXBuildFile section */
		520E215E23E310AD0033A1DD /* UserInfoVC.swift in Sources */ = {isa = PBXBuildFile; fileRef = 520E215D23E310AD0033A1DD /* UserInfoVC.swift */; };
		520E216023E319470033A1DD /* GFError.swift in Sources */ = {isa = PBXBuildFile; fileRef = 520E215F23E319470033A1DD /* GFError.swift */; };
		520E216223E320F20033A1DD /* GFUserInfoHeaderVC.swift in Sources */ = {isa = PBXBuildFile; fileRef = 520E216123E320F20033A1DD /* GFUserInfoHeaderVC.swift */; };
		520E216423E321520033A1DD /* GFSecondaryTitleLabel.swift in Sources */ = {isa = PBXBuildFile; fileRef = 520E216323E321520033A1DD /* GFSecondaryTitleLabel.swift */; };
		520E216623E329CB0033A1DD /* Constants.swift in Sources */ = {isa = PBXBuildFile; fileRef = 520E216523E329CB0033A1DD /* Constants.swift */; };
		523D097723E1A1E600AA9BB9 /* UIHelper.swift in Sources */ = {isa = PBXBuildFile; fileRef = 523D097623E1A1E600AA9BB9 /* UIHelper.swift */; };
		523D097E23E1CD3100AA9BB9 /* GFEmptyStateView.swift in Sources */ = {isa = PBXBuildFile; fileRef = 523D097D23E1CD3100AA9BB9 /* GFEmptyStateView.swift */; };
		525A129E23C87B8D00586563 /* AppDelegate.swift in Sources */ = {isa = PBXBuildFile; fileRef = 525A129D23C87B8D00586563 /* AppDelegate.swift */; };
		525A12A023C87B8D00586563 /* SceneDelegate.swift in Sources */ = {isa = PBXBuildFile; fileRef = 525A129F23C87B8D00586563 /* SceneDelegate.swift */; };
		525A12A723C87B8E00586563 /* Assets.xcassets in Resources */ = {isa = PBXBuildFile; fileRef = 525A12A623C87B8E00586563 /* Assets.xcassets */; };
		525A12AA23C87B8F00586563 /* LaunchScreen.storyboard in Resources */ = {isa = PBXBuildFile; fileRef = 525A12A823C87B8F00586563 /* LaunchScreen.storyboard */; };
		525A12B223C88E7300586563 /* SearchVC.swift in Sources */ = {isa = PBXBuildFile; fileRef = 525A12B123C88E7300586563 /* SearchVC.swift */; };
		525A12B423C88EA700586563 /* FavoritesListVC.swift in Sources */ = {isa = PBXBuildFile; fileRef = 525A12B323C88EA700586563 /* FavoritesListVC.swift */; };
		527B49DF23D1BA5200A362EF /* Follower.swift in Sources */ = {isa = PBXBuildFile; fileRef = 527B49DE23D1BA5200A362EF /* Follower.swift */; };
		527B49E123D1BBC400A362EF /* User.swift in Sources */ = {isa = PBXBuildFile; fileRef = 527B49E023D1BBC400A362EF /* User.swift */; };
		527B49E623D1EAB900A362EF /* NetworkManager.swift in Sources */ = {isa = PBXBuildFile; fileRef = 527B49E523D1EAB900A362EF /* NetworkManager.swift */; };
		528D5AD323C9D5C600C1CC85 /* GFButton.swift in Sources */ = {isa = PBXBuildFile; fileRef = 528D5AD223C9D5C600C1CC85 /* GFButton.swift */; };
		528D5AD523C9D8AB00C1CC85 /* GFTextField.swift in Sources */ = {isa = PBXBuildFile; fileRef = 528D5AD423C9D8AB00C1CC85 /* GFTextField.swift */; };
		528D5AD723C9ED6500C1CC85 /* FollowerListVC.swift in Sources */ = {isa = PBXBuildFile; fileRef = 528D5AD623C9ED6500C1CC85 /* FollowerListVC.swift */; };
		528D5AD923CB352C00C1CC85 /* GFTitleLabel.swift in Sources */ = {isa = PBXBuildFile; fileRef = 528D5AD823CB352C00C1CC85 /* GFTitleLabel.swift */; };
		528D5ADB23CB36DE00C1CC85 /* GFBodyLabel.swift in Sources */ = {isa = PBXBuildFile; fileRef = 528D5ADA23CB36DE00C1CC85 /* GFBodyLabel.swift */; };
		528D5ADD23CB37EB00C1CC85 /* GFAlertVC.swift in Sources */ = {isa = PBXBuildFile; fileRef = 528D5ADC23CB37EB00C1CC85 /* GFAlertVC.swift */; };
		528D5ADF23CB3F4A00C1CC85 /* UIViewController+Ext.swift in Sources */ = {isa = PBXBuildFile; fileRef = 528D5ADE23CB3F4A00C1CC85 /* UIViewController+Ext.swift */; };
		52FDF3BB23E0423C00C2B325 /* FollowerCell.swift in Sources */ = {isa = PBXBuildFile; fileRef = 52FDF3BA23E0423C00C2B325 /* FollowerCell.swift */; };
		52FDF3BD23E043C800C2B325 /* GFAvatarImageView.swift in Sources */ = {isa = PBXBuildFile; fileRef = 52FDF3BC23E043C800C2B325 /* GFAvatarImageView.swift */; };
/* End PBXBuildFile section */

/* Begin PBXFileReference section */
		520E215D23E310AD0033A1DD /* UserInfoVC.swift */ = {isa = PBXFileReference; lastKnownFileType = sourcecode.swift; path = UserInfoVC.swift; sourceTree = "<group>"; };
		520E215F23E319470033A1DD /* GFError.swift */ = {isa = PBXFileReference; lastKnownFileType = sourcecode.swift; path = GFError.swift; sourceTree = "<group>"; };
		520E216123E320F20033A1DD /* GFUserInfoHeaderVC.swift */ = {isa = PBXFileReference; lastKnownFileType = sourcecode.swift; path = GFUserInfoHeaderVC.swift; sourceTree = "<group>"; };
		520E216323E321520033A1DD /* GFSecondaryTitleLabel.swift */ = {isa = PBXFileReference; lastKnownFileType = sourcecode.swift; path = GFSecondaryTitleLabel.swift; sourceTree = "<group>"; };
		520E216523E329CB0033A1DD /* Constants.swift */ = {isa = PBXFileReference; lastKnownFileType = sourcecode.swift; path = Constants.swift; sourceTree = "<group>"; };
		523D097623E1A1E600AA9BB9 /* UIHelper.swift */ = {isa = PBXFileReference; lastKnownFileType = sourcecode.swift; path = UIHelper.swift; sourceTree = "<group>"; };
		523D097D23E1CD3100AA9BB9 /* GFEmptyStateView.swift */ = {isa = PBXFileReference; lastKnownFileType = sourcecode.swift; path = GFEmptyStateView.swift; sourceTree = "<group>"; };
		525A129A23C87B8D00586563 /* GitHubFollowers.app */ = {isa = PBXFileReference; explicitFileType = wrapper.application; includeInIndex = 0; path = GitHubFollowers.app; sourceTree = BUILT_PRODUCTS_DIR; };
		525A129D23C87B8D00586563 /* AppDelegate.swift */ = {isa = PBXFileReference; lastKnownFileType = sourcecode.swift; path = AppDelegate.swift; sourceTree = "<group>"; };
		525A129F23C87B8D00586563 /* SceneDelegate.swift */ = {isa = PBXFileReference; lastKnownFileType = sourcecode.swift; path = SceneDelegate.swift; sourceTree = "<group>"; };
		525A12A623C87B8E00586563 /* Assets.xcassets */ = {isa = PBXFileReference; lastKnownFileType = folder.assetcatalog; path = Assets.xcassets; sourceTree = "<group>"; };
		525A12A923C87B8F00586563 /* Base */ = {isa = PBXFileReference; lastKnownFileType = file.storyboard; name = Base; path = Base.lproj/LaunchScreen.storyboard; sourceTree = "<group>"; };
		525A12AB23C87B8F00586563 /* Info.plist */ = {isa = PBXFileReference; lastKnownFileType = text.plist.xml; path = Info.plist; sourceTree = "<group>"; };
		525A12B123C88E7300586563 /* SearchVC.swift */ = {isa = PBXFileReference; lastKnownFileType = sourcecode.swift; path = SearchVC.swift; sourceTree = "<group>"; };
		525A12B323C88EA700586563 /* FavoritesListVC.swift */ = {isa = PBXFileReference; lastKnownFileType = sourcecode.swift; path = FavoritesListVC.swift; sourceTree = "<group>"; };
		527B49DE23D1BA5200A362EF /* Follower.swift */ = {isa = PBXFileReference; lastKnownFileType = sourcecode.swift; path = Follower.swift; sourceTree = "<group>"; };
		527B49E023D1BBC400A362EF /* User.swift */ = {isa = PBXFileReference; lastKnownFileType = sourcecode.swift; path = User.swift; sourceTree = "<group>"; };
		527B49E523D1EAB900A362EF /* NetworkManager.swift */ = {isa = PBXFileReference; lastKnownFileType = sourcecode.swift; path = NetworkManager.swift; sourceTree = "<group>"; };
		528D5AD223C9D5C600C1CC85 /* GFButton.swift */ = {isa = PBXFileReference; lastKnownFileType = sourcecode.swift; path = GFButton.swift; sourceTree = "<group>"; };
		528D5AD423C9D8AB00C1CC85 /* GFTextField.swift */ = {isa = PBXFileReference; lastKnownFileType = sourcecode.swift; path = GFTextField.swift; sourceTree = "<group>"; };
		528D5AD623C9ED6500C1CC85 /* FollowerListVC.swift */ = {isa = PBXFileReference; lastKnownFileType = sourcecode.swift; path = FollowerListVC.swift; sourceTree = "<group>"; };
		528D5AD823CB352C00C1CC85 /* GFTitleLabel.swift */ = {isa = PBXFileReference; lastKnownFileType = sourcecode.swift; path = GFTitleLabel.swift; sourceTree = "<group>"; };
		528D5ADA23CB36DE00C1CC85 /* GFBodyLabel.swift */ = {isa = PBXFileReference; lastKnownFileType = sourcecode.swift; path = GFBodyLabel.swift; sourceTree = "<group>"; };
		528D5ADC23CB37EB00C1CC85 /* GFAlertVC.swift */ = {isa = PBXFileReference; lastKnownFileType = sourcecode.swift; path = GFAlertVC.swift; sourceTree = "<group>"; };
		528D5ADE23CB3F4A00C1CC85 /* UIViewController+Ext.swift */ = {isa = PBXFileReference; lastKnownFileType = sourcecode.swift; path = "UIViewController+Ext.swift"; sourceTree = "<group>"; };
		52FDF3BA23E0423C00C2B325 /* FollowerCell.swift */ = {isa = PBXFileReference; lastKnownFileType = sourcecode.swift; path = FollowerCell.swift; sourceTree = "<group>"; };
		52FDF3BC23E043C800C2B325 /* GFAvatarImageView.swift */ = {isa = PBXFileReference; lastKnownFileType = sourcecode.swift; path = GFAvatarImageView.swift; sourceTree = "<group>"; };
/* End PBXFileReference section */

/* Begin PBXFrameworksBuildPhase section */
		525A129723C87B8D00586563 /* Frameworks */ = {
			isa = PBXFrameworksBuildPhase;
			buildActionMask = 2147483647;
			files = (
			);
			runOnlyForDeploymentPostprocessing = 0;
		};
/* End PBXFrameworksBuildPhase section */

/* Begin PBXGroup section */
		523D097823E1CCB700AA9BB9 /* Views */ = {
			isa = PBXGroup;
			children = (
				52FDF3BC23E043C800C2B325 /* GFAvatarImageView.swift */,
				523D097D23E1CD3100AA9BB9 /* GFEmptyStateView.swift */,
			);
			path = Views;
			sourceTree = "<group>";
		};
		523D097923E1CCC000AA9BB9 /* Buttons */ = {
			isa = PBXGroup;
			children = (
				528D5AD223C9D5C600C1CC85 /* GFButton.swift */,
			);
			path = Buttons;
			sourceTree = "<group>";
		};
		523D097A23E1CCC500AA9BB9 /* TextFields */ = {
			isa = PBXGroup;
			children = (
				528D5AD423C9D8AB00C1CC85 /* GFTextField.swift */,
			);
			path = TextFields;
			sourceTree = "<group>";
		};
		523D097B23E1CCD100AA9BB9 /* ViewControllers */ = {
			isa = PBXGroup;
			children = (
				528D5ADC23CB37EB00C1CC85 /* GFAlertVC.swift */,
				520E216123E320F20033A1DD /* GFUserInfoHeaderVC.swift */,
			);
			path = ViewControllers;
			sourceTree = "<group>";
		};
		523D097C23E1CD0100AA9BB9 /* Labels */ = {
			isa = PBXGroup;
			children = (
				520E216323E321520033A1DD /* GFSecondaryTitleLabel.swift */,
				528D5ADA23CB36DE00C1CC85 /* GFBodyLabel.swift */,
				528D5AD823CB352C00C1CC85 /* GFTitleLabel.swift */,
			);
			path = Labels;
			sourceTree = "<group>";
		};
		5248D01523D7803B0050E8D0 /* Utilities */ = {
			isa = PBXGroup;
			children = (
				523D097623E1A1E600AA9BB9 /* UIHelper.swift */,
				520E215F23E319470033A1DD /* GFError.swift */,
				520E216523E329CB0033A1DD /* Constants.swift */,
			);
			path = Utilities;
			sourceTree = "<group>";
		};
		525A129123C87B8D00586563 = {
			isa = PBXGroup;
			children = (
				525A129C23C87B8D00586563 /* GitHubFollowers */,
				525A129B23C87B8D00586563 /* Products */,
			);
			sourceTree = "<group>";
		};
		525A129B23C87B8D00586563 /* Products */ = {
			isa = PBXGroup;
			children = (
				525A129A23C87B8D00586563 /* GitHubFollowers.app */,
			);
			name = Products;
			sourceTree = "<group>";
		};
		525A129C23C87B8D00586563 /* GitHubFollowers */ = {
			isa = PBXGroup;
			children = (
				5248D01523D7803B0050E8D0 /* Utilities */,
				527B49E423D1EAA200A362EF /* Managers */,
				527B49DD23D1BA4000A362EF /* Model */,
				525D9D7223CCB69F002FB8AD /* Extensions */,
				525D9D7123CCB66F002FB8AD /* Custom Views */,
				525D9D7023CCB639002FB8AD /* Screens */,
				525D9D7323CCB6FF002FB8AD /* Support */,
				525A12AB23C87B8F00586563 /* Info.plist */,
			);
			path = GitHubFollowers;
			sourceTree = "<group>";
		};
		525D9D7023CCB639002FB8AD /* Screens */ = {
			isa = PBXGroup;
			children = (
				525A12B123C88E7300586563 /* SearchVC.swift */,
				528D5AD623C9ED6500C1CC85 /* FollowerListVC.swift */,
				520E215D23E310AD0033A1DD /* UserInfoVC.swift */,
				525A12B323C88EA700586563 /* FavoritesListVC.swift */,
			);
			path = Screens;
			sourceTree = "<group>";
		};
		525D9D7123CCB66F002FB8AD /* Custom Views */ = {
			isa = PBXGroup;
			children = (
				523D097B23E1CCD100AA9BB9 /* ViewControllers */,
				523D097823E1CCB700AA9BB9 /* Views */,
				52FDF3B923E0421700C2B325 /* Cells */,
				523D097C23E1CD0100AA9BB9 /* Labels */,
				523D097A23E1CCC500AA9BB9 /* TextFields */,
				523D097923E1CCC000AA9BB9 /* Buttons */,
			);
			path = "Custom Views";
			sourceTree = "<group>";
		};
		525D9D7223CCB69F002FB8AD /* Extensions */ = {
			isa = PBXGroup;
			children = (
				528D5ADE23CB3F4A00C1CC85 /* UIViewController+Ext.swift */,
			);
			path = Extensions;
			sourceTree = "<group>";
		};
		525D9D7323CCB6FF002FB8AD /* Support */ = {
			isa = PBXGroup;
			children = (
				525A129D23C87B8D00586563 /* AppDelegate.swift */,
				525A129F23C87B8D00586563 /* SceneDelegate.swift */,
				525A12A623C87B8E00586563 /* Assets.xcassets */,
				525A12A823C87B8F00586563 /* LaunchScreen.storyboard */,
			);
			path = Support;
			sourceTree = "<group>";
		};
		527B49DD23D1BA4000A362EF /* Model */ = {
			isa = PBXGroup;
			children = (
				527B49DE23D1BA5200A362EF /* Follower.swift */,
				527B49E023D1BBC400A362EF /* User.swift */,
			);
			path = Model;
			sourceTree = "<group>";
		};
		527B49E423D1EAA200A362EF /* Managers */ = {
			isa = PBXGroup;
			children = (
				527B49E523D1EAB900A362EF /* NetworkManager.swift */,
			);
			path = Managers;
			sourceTree = "<group>";
		};
		52FDF3B923E0421700C2B325 /* Cells */ = {
			isa = PBXGroup;
			children = (
				52FDF3BA23E0423C00C2B325 /* FollowerCell.swift */,
			);
			path = Cells;
			sourceTree = "<group>";
		};
/* End PBXGroup section */

/* Begin PBXNativeTarget section */
		525A129923C87B8D00586563 /* GitHubFollowers */ = {
			isa = PBXNativeTarget;
			buildConfigurationList = 525A12AE23C87B8F00586563 /* Build configuration list for PBXNativeTarget "GitHubFollowers" */;
			buildPhases = (
				525A129623C87B8D00586563 /* Sources */,
				525A129723C87B8D00586563 /* Frameworks */,
				525A129823C87B8D00586563 /* Resources */,
			);
			buildRules = (
			);
			dependencies = (
			);
			name = GitHubFollowers;
			productName = GitHubFollowers;
			productReference = 525A129A23C87B8D00586563 /* GitHubFollowers.app */;
			productType = "com.apple.product-type.application";
		};
/* End PBXNativeTarget section */

/* Begin PBXProject section */
		525A129223C87B8D00586563 /* Project object */ = {
			isa = PBXProject;
			attributes = {
				LastSwiftUpdateCheck = 1130;
				LastUpgradeCheck = 1130;
				ORGANIZATIONNAME = "Oleksandr Kovalyshyn";
				TargetAttributes = {
					525A129923C87B8D00586563 = {
						CreatedOnToolsVersion = 11.3;
					};
				};
			};
			buildConfigurationList = 525A129523C87B8D00586563 /* Build configuration list for PBXProject "GitHubFollowers" */;
			compatibilityVersion = "Xcode 9.3";
			developmentRegion = en;
			hasScannedForEncodings = 0;
			knownRegions = (
				en,
				Base,
			);
			mainGroup = 525A129123C87B8D00586563;
			productRefGroup = 525A129B23C87B8D00586563 /* Products */;
			projectDirPath = "";
			projectRoot = "";
			targets = (
				525A129923C87B8D00586563 /* GitHubFollowers */,
			);
		};
/* End PBXProject section */

/* Begin PBXResourcesBuildPhase section */
		525A129823C87B8D00586563 /* Resources */ = {
			isa = PBXResourcesBuildPhase;
			buildActionMask = 2147483647;
			files = (
				525A12AA23C87B8F00586563 /* LaunchScreen.storyboard in Resources */,
				525A12A723C87B8E00586563 /* Assets.xcassets in Resources */,
			);
			runOnlyForDeploymentPostprocessing = 0;
		};
/* End PBXResourcesBuildPhase section */

/* Begin PBXSourcesBuildPhase section */
		525A129623C87B8D00586563 /* Sources */ = {
			isa = PBXSourcesBuildPhase;
			buildActionMask = 2147483647;
			files = (
				52FDF3BB23E0423C00C2B325 /* FollowerCell.swift in Sources */,
				527B49E123D1BBC400A362EF /* User.swift in Sources */,
				528D5AD523C9D8AB00C1CC85 /* GFTextField.swift in Sources */,
				525A12B423C88EA700586563 /* FavoritesListVC.swift in Sources */,
				528D5AD323C9D5C600C1CC85 /* GFButton.swift in Sources */,
				523D097723E1A1E600AA9BB9 /* UIHelper.swift in Sources */,
				520E216623E329CB0033A1DD /* Constants.swift in Sources */,
				52FDF3BD23E043C800C2B325 /* GFAvatarImageView.swift in Sources */,
				528D5ADF23CB3F4A00C1CC85 /* UIViewController+Ext.swift in Sources */,
				525A12B223C88E7300586563 /* SearchVC.swift in Sources */,
				528D5ADD23CB37EB00C1CC85 /* GFAlertVC.swift in Sources */,
				528D5ADB23CB36DE00C1CC85 /* GFBodyLabel.swift in Sources */,
				520E216223E320F20033A1DD /* GFUserInfoHeaderVC.swift in Sources */,
				520E216023E319470033A1DD /* GFError.swift in Sources */,
				527B49DF23D1BA5200A362EF /* Follower.swift in Sources */,
				528D5AD923CB352C00C1CC85 /* GFTitleLabel.swift in Sources */,
				520E216423E321520033A1DD /* GFSecondaryTitleLabel.swift in Sources */,
				523D097E23E1CD3100AA9BB9 /* GFEmptyStateView.swift in Sources */,
				527B49E623D1EAB900A362EF /* NetworkManager.swift in Sources */,
				528D5AD723C9ED6500C1CC85 /* FollowerListVC.swift in Sources */,
				525A129E23C87B8D00586563 /* AppDelegate.swift in Sources */,
				525A12A023C87B8D00586563 /* SceneDelegate.swift in Sources */,
				520E215E23E310AD0033A1DD /* UserInfoVC.swift in Sources */,
			);
			runOnlyForDeploymentPostprocessing = 0;
		};
/* End PBXSourcesBuildPhase section */

/* Begin PBXVariantGroup section */
		525A12A823C87B8F00586563 /* LaunchScreen.storyboard */ = {
			isa = PBXVariantGroup;
			children = (
				525A12A923C87B8F00586563 /* Base */,
			);
			name = LaunchScreen.storyboard;
			sourceTree = "<group>";
		};
/* End PBXVariantGroup section */

/* Begin XCBuildConfiguration section */
		525A12AC23C87B8F00586563 /* Debug */ = {
			isa = XCBuildConfiguration;
			buildSettings = {
				ALWAYS_SEARCH_USER_PATHS = NO;
				CLANG_ANALYZER_NONNULL = YES;
				CLANG_ANALYZER_NUMBER_OBJECT_CONVERSION = YES_AGGRESSIVE;
				CLANG_CXX_LANGUAGE_STANDARD = "gnu++14";
				CLANG_CXX_LIBRARY = "libc++";
				CLANG_ENABLE_MODULES = YES;
				CLANG_ENABLE_OBJC_ARC = YES;
				CLANG_ENABLE_OBJC_WEAK = YES;
				CLANG_WARN_BLOCK_CAPTURE_AUTORELEASING = YES;
				CLANG_WARN_BOOL_CONVERSION = YES;
				CLANG_WARN_COMMA = YES;
				CLANG_WARN_CONSTANT_CONVERSION = YES;
				CLANG_WARN_DEPRECATED_OBJC_IMPLEMENTATIONS = YES;
				CLANG_WARN_DIRECT_OBJC_ISA_USAGE = YES_ERROR;
				CLANG_WARN_DOCUMENTATION_COMMENTS = YES;
				CLANG_WARN_EMPTY_BODY = YES;
				CLANG_WARN_ENUM_CONVERSION = YES;
				CLANG_WARN_INFINITE_RECURSION = YES;
				CLANG_WARN_INT_CONVERSION = YES;
				CLANG_WARN_NON_LITERAL_NULL_CONVERSION = YES;
				CLANG_WARN_OBJC_IMPLICIT_RETAIN_SELF = YES;
				CLANG_WARN_OBJC_LITERAL_CONVERSION = YES;
				CLANG_WARN_OBJC_ROOT_CLASS = YES_ERROR;
				CLANG_WARN_RANGE_LOOP_ANALYSIS = YES;
				CLANG_WARN_STRICT_PROTOTYPES = YES;
				CLANG_WARN_SUSPICIOUS_MOVE = YES;
				CLANG_WARN_UNGUARDED_AVAILABILITY = YES_AGGRESSIVE;
				CLANG_WARN_UNREACHABLE_CODE = YES;
				CLANG_WARN__DUPLICATE_METHOD_MATCH = YES;
				COPY_PHASE_STRIP = NO;
				DEBUG_INFORMATION_FORMAT = dwarf;
				ENABLE_STRICT_OBJC_MSGSEND = YES;
				ENABLE_TESTABILITY = YES;
				GCC_C_LANGUAGE_STANDARD = gnu11;
				GCC_DYNAMIC_NO_PIC = NO;
				GCC_NO_COMMON_BLOCKS = YES;
				GCC_OPTIMIZATION_LEVEL = 0;
				GCC_PREPROCESSOR_DEFINITIONS = (
					"DEBUG=1",
					"$(inherited)",
				);
				GCC_WARN_64_TO_32_BIT_CONVERSION = YES;
				GCC_WARN_ABOUT_RETURN_TYPE = YES_ERROR;
				GCC_WARN_UNDECLARED_SELECTOR = YES;
				GCC_WARN_UNINITIALIZED_AUTOS = YES_AGGRESSIVE;
				GCC_WARN_UNUSED_FUNCTION = YES;
				GCC_WARN_UNUSED_VARIABLE = YES;
				IPHONEOS_DEPLOYMENT_TARGET = 13.2;
				MTL_ENABLE_DEBUG_INFO = INCLUDE_SOURCE;
				MTL_FAST_MATH = YES;
				ONLY_ACTIVE_ARCH = YES;
				SDKROOT = iphoneos;
				SWIFT_ACTIVE_COMPILATION_CONDITIONS = DEBUG;
				SWIFT_OPTIMIZATION_LEVEL = "-Onone";
			};
			name = Debug;
		};
		525A12AD23C87B8F00586563 /* Release */ = {
			isa = XCBuildConfiguration;
			buildSettings = {
				ALWAYS_SEARCH_USER_PATHS = NO;
				CLANG_ANALYZER_NONNULL = YES;
				CLANG_ANALYZER_NUMBER_OBJECT_CONVERSION = YES_AGGRESSIVE;
				CLANG_CXX_LANGUAGE_STANDARD = "gnu++14";
				CLANG_CXX_LIBRARY = "libc++";
				CLANG_ENABLE_MODULES = YES;
				CLANG_ENABLE_OBJC_ARC = YES;
				CLANG_ENABLE_OBJC_WEAK = YES;
				CLANG_WARN_BLOCK_CAPTURE_AUTORELEASING = YES;
				CLANG_WARN_BOOL_CONVERSION = YES;
				CLANG_WARN_COMMA = YES;
				CLANG_WARN_CONSTANT_CONVERSION = YES;
				CLANG_WARN_DEPRECATED_OBJC_IMPLEMENTATIONS = YES;
				CLANG_WARN_DIRECT_OBJC_ISA_USAGE = YES_ERROR;
				CLANG_WARN_DOCUMENTATION_COMMENTS = YES;
				CLANG_WARN_EMPTY_BODY = YES;
				CLANG_WARN_ENUM_CONVERSION = YES;
				CLANG_WARN_INFINITE_RECURSION = YES;
				CLANG_WARN_INT_CONVERSION = YES;
				CLANG_WARN_NON_LITERAL_NULL_CONVERSION = YES;
				CLANG_WARN_OBJC_IMPLICIT_RETAIN_SELF = YES;
				CLANG_WARN_OBJC_LITERAL_CONVERSION = YES;
				CLANG_WARN_OBJC_ROOT_CLASS = YES_ERROR;
				CLANG_WARN_RANGE_LOOP_ANALYSIS = YES;
				CLANG_WARN_STRICT_PROTOTYPES = YES;
				CLANG_WARN_SUSPICIOUS_MOVE = YES;
				CLANG_WARN_UNGUARDED_AVAILABILITY = YES_AGGRESSIVE;
				CLANG_WARN_UNREACHABLE_CODE = YES;
				CLANG_WARN__DUPLICATE_METHOD_MATCH = YES;
				COPY_PHASE_STRIP = NO;
				DEBUG_INFORMATION_FORMAT = "dwarf-with-dsym";
				ENABLE_NS_ASSERTIONS = NO;
				ENABLE_STRICT_OBJC_MSGSEND = YES;
				GCC_C_LANGUAGE_STANDARD = gnu11;
				GCC_NO_COMMON_BLOCKS = YES;
				GCC_WARN_64_TO_32_BIT_CONVERSION = YES;
				GCC_WARN_ABOUT_RETURN_TYPE = YES_ERROR;
				GCC_WARN_UNDECLARED_SELECTOR = YES;
				GCC_WARN_UNINITIALIZED_AUTOS = YES_AGGRESSIVE;
				GCC_WARN_UNUSED_FUNCTION = YES;
				GCC_WARN_UNUSED_VARIABLE = YES;
				IPHONEOS_DEPLOYMENT_TARGET = 13.2;
				MTL_ENABLE_DEBUG_INFO = NO;
				MTL_FAST_MATH = YES;
				SDKROOT = iphoneos;
				SWIFT_COMPILATION_MODE = wholemodule;
				SWIFT_OPTIMIZATION_LEVEL = "-O";
				VALIDATE_PRODUCT = YES;
			};
			name = Release;
		};
		525A12AF23C87B8F00586563 /* Debug */ = {
			isa = XCBuildConfiguration;
			buildSettings = {
				ASSETCATALOG_COMPILER_APPICON_NAME = AppIcon;
				CODE_SIGN_STYLE = Automatic;
				DEVELOPMENT_TEAM = NL4GU78Y25;
				INFOPLIST_FILE = GitHubFollowers/Info.plist;
				LD_RUNPATH_SEARCH_PATHS = (
					"$(inherited)",
					"@executable_path/Frameworks",
				);
				PRODUCT_BUNDLE_IDENTIFIER = com.skovalyshyn.GitHubFollowers;
				PRODUCT_NAME = "$(TARGET_NAME)";
				SWIFT_VERSION = 5.0;
				TARGETED_DEVICE_FAMILY = 1;
			};
			name = Debug;
		};
		525A12B023C87B8F00586563 /* Release */ = {
			isa = XCBuildConfiguration;
			buildSettings = {
				ASSETCATALOG_COMPILER_APPICON_NAME = AppIcon;
				CODE_SIGN_STYLE = Automatic;
				DEVELOPMENT_TEAM = NL4GU78Y25;
				INFOPLIST_FILE = GitHubFollowers/Info.plist;
				LD_RUNPATH_SEARCH_PATHS = (
					"$(inherited)",
					"@executable_path/Frameworks",
				);
				PRODUCT_BUNDLE_IDENTIFIER = com.skovalyshyn.GitHubFollowers;
				PRODUCT_NAME = "$(TARGET_NAME)";
				SWIFT_VERSION = 5.0;
				TARGETED_DEVICE_FAMILY = 1;
			};
			name = Release;
		};
/* End XCBuildConfiguration section */

/* Begin XCConfigurationList section */
		525A129523C87B8D00586563 /* Build configuration list for PBXProject "GitHubFollowers" */ = {
			isa = XCConfigurationList;
			buildConfigurations = (
				525A12AC23C87B8F00586563 /* Debug */,
				525A12AD23C87B8F00586563 /* Release */,
			);
			defaultConfigurationIsVisible = 0;
			defaultConfigurationName = Release;
		};
		525A12AE23C87B8F00586563 /* Build configuration list for PBXNativeTarget "GitHubFollowers" */ = {
			isa = XCConfigurationList;
			buildConfigurations = (
				525A12AF23C87B8F00586563 /* Debug */,
				525A12B023C87B8F00586563 /* Release */,
			);
			defaultConfigurationIsVisible = 0;
			defaultConfigurationName = Release;
		};
/* End XCConfigurationList section */
	};
	rootObject = 525A129223C87B8D00586563 /* Project object */;
}
